
Microsoft Visual Studio Solution File, Format Version 12.00
# Visual Studio Version 16
VisualStudioVersion = 16.0.30621.155
MinimumVisualStudioVersion = 10.0.40219.1
Project("{FAE04EC0-301F-11D3-BF4B-00C04F79EFBC}") = "ConsoleApp3", "ConsoleApp3\ConsoleApp3.csproj", "{BC1E4536-8A9C-40D5-9394-4D77FBB2A538}"
EndProject
Project("{FAE04EC0-301F-11D3-BF4B-00C04F79EFBC}") = "LogicSum", "LogicSum\LogicSum.csproj", "{5C178C4B-15D4-4BD2-9124-35F8B5DFCC5B}"
EndProject
Global
	GlobalSection(SolutionConfigurationPlatforms) = preSolution
		Debug|Any CPU = Debug|Any CPU
		Release|Any CPU = Release|Any CPU
	EndGlobalSection
	GlobalSection(ProjectConfigurationPlatforms) = postSolution
		{BC1E4536-8A9C-40D5-9394-4D77FBB2A538}.Debug|Any CPU.ActiveCfg = Debug|Any CPU
		{BC1E4536-8A9C-40D5-9394-4D77FBB2A538}.Debug|Any CPU.Build.0 = Debug|Any CPU
		{BC1E4536-8A9C-40D5-9394-4D77FBB2A538}.Release|Any CPU.ActiveCfg = Release|Any CPU
		{BC1E4536-8A9C-40D5-9394-4D77FBB2A538}.Release|Any CPU.Build.0 = Release|Any CPU
		{5C178C4B-15D4-4BD2-9124-35F8B5DFCC5B}.Debug|Any CPU.ActiveCfg = Debug|Any CPU
		{5C178C4B-15D4-4BD2-9124-35F8B5DFCC5B}.Debug|Any CPU.Build.0 = Debug|Any CPU
		{5C178C4B-15D4-4BD2-9124-35F8B5DFCC5B}.Release|Any CPU.ActiveCfg = Release|Any CPU
		{5C178C4B-15D4-4BD2-9124-35F8B5DFCC5B}.Release|Any CPU.Build.0 = Release|Any CPU
	EndGlobalSection
	GlobalSection(SolutionProperties) = preSolution
		HideSolutionNode = FALSE
	EndGlobalSection
	GlobalSection(ExtensibilityGlobals) = postSolution
		SolutionGuid = {E7B6C28E-6594-4F71-AFE6-784B8292481C}
	EndGlobalSection
EndGlobal
